
Microsoft Visual Studio Solution File, Format Version 12.00
# Visual Studio 15
VisualStudioVersion = 15.0.27703.2026
MinimumVisualStudioVersion = 10.0.40219.1
Project("{FAE04EC0-301F-11D3-BF4B-00C04F79EFBC}") = "App1", "App1\App1.csproj", "{B5653D83-2A80-4B69-A5EB-524B6838A7D5}"
EndProject
Global
	GlobalSection(SolutionConfigurationPlatforms) = preSolution
		Debug|ARM = Debug|ARM
		Debug|x64 = Debug|x64
		Debug|x86 = Debug|x86
		Release|ARM = Release|ARM
		Release|x64 = Release|x64
		Release|x86 = Release|x86
	EndGlobalSection
	GlobalSection(ProjectConfigurationPlatforms) = postSolution
		{B5653D83-2A80-4B69-A5EB-524B6838A7D5}.Debug|ARM.ActiveCfg = Debug|ARM
		{B5653D83-2A80-4B69-A5EB-524B6838A7D5}.Debug|ARM.Build.0 = Debug|ARM
		{B5653D83-2A80-4B69-A5EB-524B6838A7D5}.Debug|ARM.Deploy.0 = Debug|ARM
		{B5653D83-2A80-4B69-A5EB-524B6838A7D5}.Debug|x64.ActiveCfg = Debug|x64
		{B5653D83-2A80-4B69-A5EB-524B6838A7D5}.Debug|x64.Build.0 = Debug|x64
		{B5653D83-2A80-4B69-A5EB-524B6838A7D5}.Debug|x64.Deploy.0 = Debug|x64
		{B5653D83-2A80-4B69-A5EB-524B6838A7D5}.Debug|x86.ActiveCfg = Debug|x86
		{B5653D83-2A80-4B69-A5EB-524B6838A7D5}.Debug|x86.Build.0 = Debug|x86
		{B5653D83-2A80-4B69-A5EB-524B6838A7D5}.Debug|x86.Deploy.0 = Debug|x86
		{B5653D83-2A80-4B69-A5EB-524B6838A7D5}.Release|ARM.ActiveCfg = Release|ARM
		{B5653D83-2A80-4B69-A5EB-524B6838A7D5}.Release|ARM.Build.0 = Release|ARM
		{B5653D83-2A80-4B69-A5EB-524B6838A7D5}.Release|ARM.Deploy.0 = Release|ARM
		{B5653D83-2A80-4B69-A5EB-524B6838A7D5}.Release|x64.ActiveCfg = Release|x64
		{B5653D83-2A80-4B69-A5EB-524B6838A7D5}.Release|x64.Build.0 = Release|x64
		{B5653D83-2A80-4B69-A5EB-524B6838A7D5}.Release|x64.Deploy.0 = Release|x64
		{B5653D83-2A80-4B69-A5EB-524B6838A7D5}.Release|x86.ActiveCfg = Release|x86
		{B5653D83-2A80-4B69-A5EB-524B6838A7D5}.Release|x86.Build.0 = Release|x86
		{B5653D83-2A80-4B69-A5EB-524B6838A7D5}.Release|x86.Deploy.0 = Release|x86
	EndGlobalSection
	GlobalSection(SolutionProperties) = preSolution
		HideSolutionNode = FALSE
	EndGlobalSection
	GlobalSection(ExtensibilityGlobals) = postSolution
		SolutionGuid = {62D3CEF1-8600-4B93-A9FC-4F92C9E18558}
	EndGlobalSection
EndGlobal
